Microsoft Visual Studio Solution File, Format Version 10.00
# Visual Studio 2008
Project("{2150E333-8FDC-42A3-9474-1A3956D46DE8}") = "(cctest)", ".", "{499066B2-37B4-16D2-62E8-8178BBC042B6}"
EndProject
Project("{2150E333-8FDC-42A3-9474-1A3956D46DE8}") = "(gyp)", "..\..\tools\gyp", "{0A173FA6-4921-C1C4-C97B-E89CE5CB7004}"
EndProject
Project("{2150E333-8FDC-42A3-9474-1A3956D46DE8}") = "(test)", "..", "{62D1E309-C69B-EEB9-F250-955F10E34BEB}"
EndProject
Project("{2150E333-8FDC-42A3-9474-1A3956D46DE8}") = "(tools)", "..\..\tools", "{0078455D-77D3-142E-F1F4-B78FB0A8B454}"
EndProject
Project("{8BC9CEB8-8B4A-11D0-8D11-00A0C91BC942}") = "cctest", "cctest.vcproj", "{F62F1660-5C4D-ED10-9E9C-048C3708A026}"
	ProjectSection(ProjectDependencies) = postProject
		{0B4547C7-C72D-0BD0-FDAA-3C469A444BCD} = {0B4547C7-C72D-0BD0-FDAA-3C469A444BCD}
		{82C3F9EC-C557-4676-1480-C1CD7CA8872C} = {82C3F9EC-C557-4676-1480-C1CD7CA8872C}
		{7A9E6506-7A24-860B-3A1F-8F2F63FCFE4B} = {7A9E6506-7A24-860B-3A1F-8F2F63FCFE4B}
		{682B2B4A-9832-E481-00A2-8294F0B58E1C} = {682B2B4A-9832-E481-00A2-8294F0B58E1C}
	EndProjectSection
EndProject
Project("{8BC9CEB8-8B4A-11D0-8D11-00A0C91BC942}") = "js2c", "..\..\tools\gyp\js2c.vcproj", "{682B2B4A-9832-E481-00A2-8294F0B58E1C}"
EndProject
Project("{8BC9CEB8-8B4A-11D0-8D11-00A0C91BC942}") = "mksnapshot", "..\..\tools\gyp\mksnapshot.vcproj", "{8957DD61-81C7-2D0C-C42F-C7AC06C1E2A6}"
	ProjectSection(ProjectDependencies) = postProject
		{7A9E6506-7A24-860B-3A1F-8F2F63FCFE4B} = {7A9E6506-7A24-860B-3A1F-8F2F63FCFE4B}
		{4E174B7F-10DF-B578-391A-0C5F5616A6AD} = {4E174B7F-10DF-B578-391A-0C5F5616A6AD}
		{682B2B4A-9832-E481-00A2-8294F0B58E1C} = {682B2B4A-9832-E481-00A2-8294F0B58E1C}
	EndProjectSection
EndProject
Project("{8BC9CEB8-8B4A-11D0-8D11-00A0C91BC942}") = "resources", "resources.vcproj", "{0B4547C7-C72D-0BD0-FDAA-3C469A444BCD}"
EndProject
Project("{8BC9CEB8-8B4A-11D0-8D11-00A0C91BC942}") = "v8_base", "..\..\tools\gyp\v8_base.vcproj", "{7A9E6506-7A24-860B-3A1F-8F2F63FCFE4B}"
EndProject
Project("{8BC9CEB8-8B4A-11D0-8D11-00A0C91BC942}") = "v8_nosnapshot", "..\..\tools\gyp\v8_nosnapshot.vcproj", "{4E174B7F-10DF-B578-391A-0C5F5616A6AD}"
	ProjectSection(ProjectDependencies) = postProject
		{682B2B4A-9832-E481-00A2-8294F0B58E1C} = {682B2B4A-9832-E481-00A2-8294F0B58E1C}
	EndProjectSection
EndProject
Project("{8BC9CEB8-8B4A-11D0-8D11-00A0C91BC942}") = "v8_snapshot", "..\..\tools\gyp\v8_snapshot.vcproj", "{82C3F9EC-C557-4676-1480-C1CD7CA8872C}"
	ProjectSection(ProjectDependencies) = postProject
		{8957DD61-81C7-2D0C-C42F-C7AC06C1E2A6} = {8957DD61-81C7-2D0C-C42F-C7AC06C1E2A6}
		{682B2B4A-9832-E481-00A2-8294F0B58E1C} = {682B2B4A-9832-E481-00A2-8294F0B58E1C}
	EndProjectSection
EndProject
Global
	GlobalSection(SolutionConfigurationPlatforms) = preSolution
		Debug|Win32 = Debug|Win32
		Release|Win32 = Release|Win32
	EndGlobalSection
	GlobalSection(ProjectConfigurationPlatforms) = postSolution
		{0B4547C7-C72D-0BD0-FDAA-3C469A444BCD}.Debug|Win32.ActiveCfg = Debug|Win32
		{0B4547C7-C72D-0BD0-FDAA-3C469A444BCD}.Debug|Win32.Build.0 = Debug|Win32
		{0B4547C7-C72D-0BD0-FDAA-3C469A444BCD}.Release|Win32.ActiveCfg = Release|Win32
		{0B4547C7-C72D-0BD0-FDAA-3C469A444BCD}.Release|Win32.Build.0 = Release|Win32
		{4E174B7F-10DF-B578-391A-0C5F5616A6AD}.Debug|Win32.ActiveCfg = Debug|Win32
		{4E174B7F-10DF-B578-391A-0C5F5616A6AD}.Debug|Win32.Build.0 = Debug|Win32
		{4E174B7F-10DF-B578-391A-0C5F5616A6AD}.Release|Win32.ActiveCfg = Release|Win32
		{4E174B7F-10DF-B578-391A-0C5F5616A6AD}.Release|Win32.Build.0 = Release|Win32
		{682B2B4A-9832-E481-00A2-8294F0B58E1C}.Debug|Win32.ActiveCfg = Debug|Win32
		{682B2B4A-9832-E481-00A2-8294F0B58E1C}.Debug|Win32.Build.0 = Debug|Win32
		{682B2B4A-9832-E481-00A2-8294F0B58E1C}.Release|Win32.ActiveCfg = Release|Win32
		{682B2B4A-9832-E481-00A2-8294F0B58E1C}.Release|Win32.Build.0 = Release|Win32
		{7A9E6506-7A24-860B-3A1F-8F2F63FCFE4B}.Debug|Win32.ActiveCfg = Debug|Win32
		{7A9E6506-7A24-860B-3A1F-8F2F63FCFE4B}.Debug|Win32.Build.0 = Debug|Win32
		{7A9E6506-7A24-860B-3A1F-8F2F63FCFE4B}.Release|Win32.ActiveCfg = Release|Win32
		{7A9E6506-7A24-860B-3A1F-8F2F63FCFE4B}.Release|Win32.Build.0 = Release|Win32
		{82C3F9EC-C557-4676-1480-C1CD7CA8872C}.Debug|Win32.ActiveCfg = Debug|Win32
		{82C3F9EC-C557-4676-1480-C1CD7CA8872C}.Debug|Win32.Build.0 = Debug|Win32
		{82C3F9EC-C557-4676-1480-C1CD7CA8872C}.Release|Win32.ActiveCfg = Release|Win32
		{82C3F9EC-C557-4676-1480-C1CD7CA8872C}.Release|Win32.Build.0 = Release|Win32
		{8957DD61-81C7-2D0C-C42F-C7AC06C1E2A6}.Debug|Win32.ActiveCfg = Debug|Win32
		{8957DD61-81C7-2D0C-C42F-C7AC06C1E2A6}.Debug|Win32.Build.0 = Debug|Win32
		{8957DD61-81C7-2D0C-C42F-C7AC06C1E2A6}.Release|Win32.ActiveCfg = Release|Win32
		{8957DD61-81C7-2D0C-C42F-C7AC06C1E2A6}.Release|Win32.Build.0 = Release|Win32
		{F62F1660-5C4D-ED10-9E9C-048C3708A026}.Debug|Win32.ActiveCfg = Debug|Win32
		{F62F1660-5C4D-ED10-9E9C-048C3708A026}.Debug|Win32.Build.0 = Debug|Win32
		{F62F1660-5C4D-ED10-9E9C-048C3708A026}.Release|Win32.ActiveCfg = Release|Win32
		{F62F1660-5C4D-ED10-9E9C-048C3708A026}.Release|Win32.Build.0 = Release|Win32
	EndGlobalSection
	GlobalSection(SolutionProperties) = preSolution
		HideSolutionNode = FALSE
	EndGlobalSection
	GlobalSection(NestedProjects) = preSolution
		{0B4547C7-C72D-0BD0-FDAA-3C469A444BCD} = {499066B2-37B4-16D2-62E8-8178BBC042B6}
		{F62F1660-5C4D-ED10-9E9C-048C3708A026} = {499066B2-37B4-16D2-62E8-8178BBC042B6}
		{4E174B7F-10DF-B578-391A-0C5F5616A6AD} = {0A173FA6-4921-C1C4-C97B-E89CE5CB7004}
		{82C3F9EC-C557-4676-1480-C1CD7CA8872C} = {0A173FA6-4921-C1C4-C97B-E89CE5CB7004}
		{682B2B4A-9832-E481-00A2-8294F0B58E1C} = {0A173FA6-4921-C1C4-C97B-E89CE5CB7004}
		{7A9E6506-7A24-860B-3A1F-8F2F63FCFE4B} = {0A173FA6-4921-C1C4-C97B-E89CE5CB7004}
		{8957DD61-81C7-2D0C-C42F-C7AC06C1E2A6} = {0A173FA6-4921-C1C4-C97B-E89CE5CB7004}
		{499066B2-37B4-16D2-62E8-8178BBC042B6} = {62D1E309-C69B-EEB9-F250-955F10E34BEB}
		{0A173FA6-4921-C1C4-C97B-E89CE5CB7004} = {0078455D-77D3-142E-F1F4-B78FB0A8B454}
	EndGlobalSection
EndGlobal
