Microsoft Visual Studio Solution File, Format Version 10.00
# Visual Studio 2008
Project("{8BC9CEB8-8B4A-11D0-8D11-00A0C91BC942}") = "js2c", "js2c.vcproj", "{682B2B4A-9832-E481-00A2-8294F0B58E1C}"
EndProject
Project("{8BC9CEB8-8B4A-11D0-8D11-00A0C91BC942}") = "mksnapshot", "mksnapshot.vcproj", "{8957DD61-81C7-2D0C-C42F-C7AC06C1E2A6}"
	ProjectSection(ProjectDependencies) = postProject
		{7A9E6506-7A24-860B-3A1F-8F2F63FCFE4B} = {7A9E6506-7A24-860B-3A1F-8F2F63FCFE4B}
		{4E174B7F-10DF-B578-391A-0C5F5616A6AD} = {4E174B7F-10DF-B578-391A-0C5F5616A6AD}
		{682B2B4A-9832-E481-00A2-8294F0B58E1C} = {682B2B4A-9832-E481-00A2-8294F0B58E1C}
	EndProjectSection
EndProject
Project("{8BC9CEB8-8B4A-11D0-8D11-00A0C91BC942}") = "postmortem-metadata", "postmortem-metadata.vcproj", "{F65F7F04-7334-A45A-E60C-115B66867302}"
EndProject
Project("{8BC9CEB8-8B4A-11D0-8D11-00A0C91BC942}") = "preparser_lib", "preparser_lib.vcproj", "{0552DB70-8D1E-0CF9-F0FD-0E75947BD2E6}"
EndProject
Project("{8BC9CEB8-8B4A-11D0-8D11-00A0C91BC942}") = "v8", "v8.vcproj", "{53056086-978F-89E6-B758-74C67779EA39}"
	ProjectSection(ProjectDependencies) = postProject
		{7A9E6506-7A24-860B-3A1F-8F2F63FCFE4B} = {7A9E6506-7A24-860B-3A1F-8F2F63FCFE4B}
		{82C3F9EC-C557-4676-1480-C1CD7CA8872C} = {82C3F9EC-C557-4676-1480-C1CD7CA8872C}
		{682B2B4A-9832-E481-00A2-8294F0B58E1C} = {682B2B4A-9832-E481-00A2-8294F0B58E1C}
	EndProjectSection
EndProject
Project("{8BC9CEB8-8B4A-11D0-8D11-00A0C91BC942}") = "v8_base", "v8_base.vcproj", "{7A9E6506-7A24-860B-3A1F-8F2F63FCFE4B}"
EndProject
Project("{8BC9CEB8-8B4A-11D0-8D11-00A0C91BC942}") = "v8_nosnapshot", "v8_nosnapshot.vcproj", "{4E174B7F-10DF-B578-391A-0C5F5616A6AD}"
	ProjectSection(ProjectDependencies) = postProject
		{682B2B4A-9832-E481-00A2-8294F0B58E1C} = {682B2B4A-9832-E481-00A2-8294F0B58E1C}
	EndProjectSection
EndProject
Project("{8BC9CEB8-8B4A-11D0-8D11-00A0C91BC942}") = "v8_shell", "v8_shell.vcproj", "{91AD28C0-0111-6185-C4F7-76DD48D8531D}"
	ProjectSection(ProjectDependencies) = postProject
		{53056086-978F-89E6-B758-74C67779EA39} = {53056086-978F-89E6-B758-74C67779EA39}
	EndProjectSection
EndProject
Project("{8BC9CEB8-8B4A-11D0-8D11-00A0C91BC942}") = "v8_snapshot", "v8_snapshot.vcproj", "{82C3F9EC-C557-4676-1480-C1CD7CA8872C}"
	ProjectSection(ProjectDependencies) = postProject
		{8957DD61-81C7-2D0C-C42F-C7AC06C1E2A6} = {8957DD61-81C7-2D0C-C42F-C7AC06C1E2A6}
		{682B2B4A-9832-E481-00A2-8294F0B58E1C} = {682B2B4A-9832-E481-00A2-8294F0B58E1C}
	EndProjectSection
EndProject
Global
	GlobalSection(SolutionConfigurationPlatforms) = preSolution
		Debug|Win32 = Debug|Win32
		Release|Win32 = Release|Win32
	EndGlobalSection
	GlobalSection(ProjectConfigurationPlatforms) = postSolution
		{0552DB70-8D1E-0CF9-F0FD-0E75947BD2E6}.Debug|Win32.ActiveCfg = Debug|Win32
		{0552DB70-8D1E-0CF9-F0FD-0E75947BD2E6}.Debug|Win32.Build.0 = Debug|Win32
		{0552DB70-8D1E-0CF9-F0FD-0E75947BD2E6}.Release|Win32.ActiveCfg = Release|Win32
		{0552DB70-8D1E-0CF9-F0FD-0E75947BD2E6}.Release|Win32.Build.0 = Release|Win32
		{4E174B7F-10DF-B578-391A-0C5F5616A6AD}.Debug|Win32.ActiveCfg = Debug|Win32
		{4E174B7F-10DF-B578-391A-0C5F5616A6AD}.Debug|Win32.Build.0 = Debug|Win32
		{4E174B7F-10DF-B578-391A-0C5F5616A6AD}.Release|Win32.ActiveCfg = Release|Win32
		{4E174B7F-10DF-B578-391A-0C5F5616A6AD}.Release|Win32.Build.0 = Release|Win32
		{53056086-978F-89E6-B758-74C67779EA39}.Debug|Win32.ActiveCfg = Debug|Win32
		{53056086-978F-89E6-B758-74C67779EA39}.Debug|Win32.Build.0 = Debug|Win32
		{53056086-978F-89E6-B758-74C67779EA39}.Release|Win32.ActiveCfg = Release|Win32
		{53056086-978F-89E6-B758-74C67779EA39}.Release|Win32.Build.0 = Release|Win32
		{682B2B4A-9832-E481-00A2-8294F0B58E1C}.Debug|Win32.ActiveCfg = Debug|Win32
		{682B2B4A-9832-E481-00A2-8294F0B58E1C}.Debug|Win32.Build.0 = Debug|Win32
		{682B2B4A-9832-E481-00A2-8294F0B58E1C}.Release|Win32.ActiveCfg = Release|Win32
		{682B2B4A-9832-E481-00A2-8294F0B58E1C}.Release|Win32.Build.0 = Release|Win32
		{7A9E6506-7A24-860B-3A1F-8F2F63FCFE4B}.Debug|Win32.ActiveCfg = Debug|Win32
		{7A9E6506-7A24-860B-3A1F-8F2F63FCFE4B}.Debug|Win32.Build.0 = Debug|Win32
		{7A9E6506-7A24-860B-3A1F-8F2F63FCFE4B}.Release|Win32.ActiveCfg = Release|Win32
		{7A9E6506-7A24-860B-3A1F-8F2F63FCFE4B}.Release|Win32.Build.0 = Release|Win32
		{82C3F9EC-C557-4676-1480-C1CD7CA8872C}.Debug|Win32.ActiveCfg = Debug|Win32
		{82C3F9EC-C557-4676-1480-C1CD7CA8872C}.Debug|Win32.Build.0 = Debug|Win32
		{82C3F9EC-C557-4676-1480-C1CD7CA8872C}.Release|Win32.ActiveCfg = Release|Win32
		{82C3F9EC-C557-4676-1480-C1CD7CA8872C}.Release|Win32.Build.0 = Release|Win32
		{8957DD61-81C7-2D0C-C42F-C7AC06C1E2A6}.Debug|Win32.ActiveCfg = Debug|Win32
		{8957DD61-81C7-2D0C-C42F-C7AC06C1E2A6}.Debug|Win32.Build.0 = Debug|Win32
		{8957DD61-81C7-2D0C-C42F-C7AC06C1E2A6}.Release|Win32.ActiveCfg = Release|Win32
		{8957DD61-81C7-2D0C-C42F-C7AC06C1E2A6}.Release|Win32.Build.0 = Release|Win32
		{91AD28C0-0111-6185-C4F7-76DD48D8531D}.Debug|Win32.ActiveCfg = Debug|Win32
		{91AD28C0-0111-6185-C4F7-76DD48D8531D}.Debug|Win32.Build.0 = Debug|Win32
		{91AD28C0-0111-6185-C4F7-76DD48D8531D}.Release|Win32.ActiveCfg = Release|Win32
		{91AD28C0-0111-6185-C4F7-76DD48D8531D}.Release|Win32.Build.0 = Release|Win32
		{F65F7F04-7334-A45A-E60C-115B66867302}.Debug|Win32.ActiveCfg = Debug|Win32
		{F65F7F04-7334-A45A-E60C-115B66867302}.Debug|Win32.Build.0 = Debug|Win32
		{F65F7F04-7334-A45A-E60C-115B66867302}.Release|Win32.ActiveCfg = Release|Win32
		{F65F7F04-7334-A45A-E60C-115B66867302}.Release|Win32.Build.0 = Release|Win32
	EndGlobalSection
	GlobalSection(SolutionProperties) = preSolution
		HideSolutionNode = FALSE
	EndGlobalSection
	GlobalSection(NestedProjects) = preSolution
	EndGlobalSection
EndGlobal
